
Microsoft Visual Studio Solution File, Format Version 12.00
# Visual Studio 15
VisualStudioVersion = 15.0.28010.2041
MinimumVisualStudioVersion = 10.0.40219.1
Project("{FAE04EC0-301F-11D3-BF4B-00C04F79EFBC}") = "programacao estruturada", "programacao estruturada\programacao estruturada.csproj", "{CE61F7A0-438B-49C3-B5D8-2648B00E9830}"
EndProject
Global
	GlobalSection(SolutionConfigurationPlatforms) = preSolution
		Debug|Any CPU = Debug|Any CPU
		Release|Any CPU = Release|Any CPU
	EndGlobalSection
	GlobalSection(ProjectConfigurationPlatforms) = postSolution
		{CE61F7A0-438B-49C3-B5D8-2648B00E9830}.Debug|Any CPU.ActiveCfg = Debug|Any CPU
		{CE61F7A0-438B-49C3-B5D8-2648B00E9830}.Debug|Any CPU.Build.0 = Debug|Any CPU
		{CE61F7A0-438B-49C3-B5D8-2648B00E9830}.Release|Any CPU.ActiveCfg = Release|Any CPU
		{CE61F7A0-438B-49C3-B5D8-2648B00E9830}.Release|Any CPU.Build.0 = Release|Any CPU
	EndGlobalSection
	GlobalSection(SolutionProperties) = preSolution
		HideSolutionNode = FALSE
	EndGlobalSection
	GlobalSection(ExtensibilityGlobals) = postSolution
		SolutionGuid = {B9BB6113-67A9-4782-B6EF-0C21085D6C43}
	EndGlobalSection
EndGlobal
